
Microsoft Visual Studio Solution File, Format Version 12.00
# Visual Studio Version 17
VisualStudioVersion = 17.14.36915.13 d17.14
MinimumVisualStudioVersion = 10.0.40219.1
Project("{FAE04EC0-301F-11D3-BF4B-00C04F79EFBC}") = "DiscoverGeorgia.API", "DiscoverGeorgia.API\DiscoverGeorgia.API.csproj", "{BEF1AEB2-5E03-4BF3-9899-198EE87EB185}"
EndProject
Global
	GlobalSection(SolutionConfigurationPlatforms) = preSolution
		Debug|Any CPU = Debug|Any CPU
		Release|Any CPU = Release|Any CPU
	EndGlobalSection
	GlobalSection(ProjectConfigurationPlatforms) = postSolution
		{BEF1AEB2-5E03-4BF3-9899-198EE87EB185}.Debug|Any CPU.ActiveCfg = Debug|Any CPU
		{BEF1AEB2-5E03-4BF3-9899-198EE87EB185}.Debug|Any CPU.Build.0 = Debug|Any CPU
		{BEF1AEB2-5E03-4BF3-9899-198EE87EB185}.Release|Any CPU.ActiveCfg = Release|Any CPU
		{BEF1AEB2-5E03-4BF3-9899-198EE87EB185}.Release|Any CPU.Build.0 = Release|Any CPU
	EndGlobalSection
	GlobalSection(SolutionProperties) = preSolution
		HideSolutionNode = FALSE
	EndGlobalSection
	GlobalSection(ExtensibilityGlobals) = postSolution
		SolutionGuid = {D224C2A8-B6C6-49AF-857D-E5556F1FE366}
	EndGlobalSection
EndGlobal
